
Microsoft Visual Studio Solution File, Format Version 12.00
# Visual Studio Version 17
VisualStudioVersion = 17.0.31903.59
MinimumVisualStudioVersion = 10.0.40219.1
Project("{FAE04EC0-301F-11D3-BF4B-00C04F79EFBC}") = "Calendar.API", "Calendar.API\Calendar.API.csproj", "{C461DB2B-A417-414A-8BE6-6E8C88CB7FBB}"
EndProject
Project("{FAE04EC0-301F-11D3-BF4B-00C04F79EFBC}") = "Calendar.Data", "Calendar.Data\Calendar.Data.csproj", "{B937E7B7-CB0A-4FED-A0EE-4CA1161DFDDC}"
EndProject
Global
	GlobalSection(SolutionConfigurationPlatforms) = preSolution
		Debug|Any CPU = Debug|Any CPU
		Release|Any CPU = Release|Any CPU
	EndGlobalSection
	GlobalSection(SolutionProperties) = preSolution
		HideSolutionNode = FALSE
	EndGlobalSection
	GlobalSection(ProjectConfigurationPlatforms) = postSolution
		{C461DB2B-A417-414A-8BE6-6E8C88CB7FBB}.Debug|Any CPU.ActiveCfg = Debug|Any CPU
		{C461DB2B-A417-414A-8BE6-6E8C88CB7FBB}.Debug|Any CPU.Build.0 = Debug|Any CPU
		{C461DB2B-A417-414A-8BE6-6E8C88CB7FBB}.Release|Any CPU.ActiveCfg = Release|Any CPU
		{C461DB2B-A417-414A-8BE6-6E8C88CB7FBB}.Release|Any CPU.Build.0 = Release|Any CPU
		{B937E7B7-CB0A-4FED-A0EE-4CA1161DFDDC}.Debug|Any CPU.ActiveCfg = Debug|Any CPU
		{B937E7B7-CB0A-4FED-A0EE-4CA1161DFDDC}.Debug|Any CPU.Build.0 = Debug|Any CPU
		{B937E7B7-CB0A-4FED-A0EE-4CA1161DFDDC}.Release|Any CPU.ActiveCfg = Release|Any CPU
		{B937E7B7-CB0A-4FED-A0EE-4CA1161DFDDC}.Release|Any CPU.Build.0 = Release|Any CPU
	EndGlobalSection
EndGlobal
